
Microsoft Visual Studio Solution File, Format Version 12.00
# Visual Studio 15
Project("{FAE04EC0-301F-11D3-BF4B-00C04F79EFBC}") = "ProjectMVVM_Floweronline.Android", "ProjectMVVM_Floweronline.Android\ProjectMVVM_Floweronline.Android.csproj", "{CF7A5485-D102-4763-A31D-F32E875B4631}"
EndProject
Project("{FAE04EC0-301F-11D3-BF4B-00C04F79EFBC}") = "ProjectMVVM_Floweronline.iOS", "ProjectMVVM_Floweronline.iOS\ProjectMVVM_Floweronline.iOS.csproj", "{99A2F138-00D1-4FFA-82CF-4B516D73DE97}"
EndProject
Project("{FAE04EC0-301F-11D3-BF4B-00C04F79EFBC}") = "ProjectMVVM_Floweronline", "ProjectMVVM_Floweronline\ProjectMVVM_Floweronline.csproj", "{9BBCA39F-9842-4A8D-90FC-ED7E644B51E7}"
EndProject
Global
	GlobalSection(SolutionConfigurationPlatforms) = preSolution
		Debug|Any CPU = Debug|Any CPU
		Release|Any CPU = Release|Any CPU
		Debug|iPhoneSimulator = Debug|iPhoneSimulator
		Release|iPhoneSimulator = Release|iPhoneSimulator
		Debug|iPhone = Debug|iPhone
		Release|iPhone = Release|iPhone
	EndGlobalSection
	GlobalSection(ProjectConfigurationPlatforms) = postSolution
		{CF7A5485-D102-4763-A31D-F32E875B4631}.Debug|Any CPU.ActiveCfg = Debug|Any CPU
		{CF7A5485-D102-4763-A31D-F32E875B4631}.Debug|Any CPU.Build.0 = Debug|Any CPU
		{CF7A5485-D102-4763-A31D-F32E875B4631}.Release|Any CPU.ActiveCfg = Release|Any CPU
		{CF7A5485-D102-4763-A31D-F32E875B4631}.Release|Any CPU.Build.0 = Release|Any CPU
		{CF7A5485-D102-4763-A31D-F32E875B4631}.Debug|iPhoneSimulator.ActiveCfg = Debug|Any CPU
		{CF7A5485-D102-4763-A31D-F32E875B4631}.Debug|iPhoneSimulator.Build.0 = Debug|Any CPU
		{CF7A5485-D102-4763-A31D-F32E875B4631}.Release|iPhoneSimulator.ActiveCfg = Release|Any CPU
		{CF7A5485-D102-4763-A31D-F32E875B4631}.Release|iPhoneSimulator.Build.0 = Release|Any CPU
		{CF7A5485-D102-4763-A31D-F32E875B4631}.Debug|iPhone.ActiveCfg = Debug|Any CPU
		{CF7A5485-D102-4763-A31D-F32E875B4631}.Debug|iPhone.Build.0 = Debug|Any CPU
		{CF7A5485-D102-4763-A31D-F32E875B4631}.Release|iPhone.ActiveCfg = Release|Any CPU
		{CF7A5485-D102-4763-A31D-F32E875B4631}.Release|iPhone.Build.0 = Release|Any CPU
		{99A2F138-00D1-4FFA-82CF-4B516D73DE97}.Debug|Any CPU.ActiveCfg = Debug|iPhoneSimulator
		{99A2F138-00D1-4FFA-82CF-4B516D73DE97}.Debug|Any CPU.Build.0 = Debug|iPhoneSimulator
		{99A2F138-00D1-4FFA-82CF-4B516D73DE97}.Release|Any CPU.ActiveCfg = Release|iPhoneSimulator
		{99A2F138-00D1-4FFA-82CF-4B516D73DE97}.Release|Any CPU.Build.0 = Release|iPhoneSimulator
		{99A2F138-00D1-4FFA-82CF-4B516D73DE97}.Debug|iPhoneSimulator.ActiveCfg = Debug|iPhoneSimulator
		{99A2F138-00D1-4FFA-82CF-4B516D73DE97}.Debug|iPhoneSimulator.Build.0 = Debug|iPhoneSimulator
		{99A2F138-00D1-4FFA-82CF-4B516D73DE97}.Release|iPhoneSimulator.ActiveCfg = Release|iPhoneSimulator
		{99A2F138-00D1-4FFA-82CF-4B516D73DE97}.Release|iPhoneSimulator.Build.0 = Release|iPhoneSimulator
		{99A2F138-00D1-4FFA-82CF-4B516D73DE97}.Debug|iPhone.ActiveCfg = Debug|iPhone
		{99A2F138-00D1-4FFA-82CF-4B516D73DE97}.Debug|iPhone.Build.0 = Debug|iPhone
		{99A2F138-00D1-4FFA-82CF-4B516D73DE97}.Release|iPhone.ActiveCfg = Release|iPhone
		{99A2F138-00D1-4FFA-82CF-4B516D73DE97}.Release|iPhone.Build.0 = Release|iPhone
		{9BBCA39F-9842-4A8D-90FC-ED7E644B51E7}.Debug|Any CPU.ActiveCfg = Debug|Any CPU
		{9BBCA39F-9842-4A8D-90FC-ED7E644B51E7}.Debug|Any CPU.Build.0 = Debug|Any CPU
		{9BBCA39F-9842-4A8D-90FC-ED7E644B51E7}.Release|Any CPU.ActiveCfg = Release|Any CPU
		{9BBCA39F-9842-4A8D-90FC-ED7E644B51E7}.Release|Any CPU.Build.0 = Release|Any CPU
		{9BBCA39F-9842-4A8D-90FC-ED7E644B51E7}.Debug|iPhoneSimulator.ActiveCfg = Debug|Any CPU
		{9BBCA39F-9842-4A8D-90FC-ED7E644B51E7}.Debug|iPhoneSimulator.Build.0 = Debug|Any CPU
		{9BBCA39F-9842-4A8D-90FC-ED7E644B51E7}.Release|iPhoneSimulator.ActiveCfg = Release|Any CPU
		{9BBCA39F-9842-4A8D-90FC-ED7E644B51E7}.Release|iPhoneSimulator.Build.0 = Release|Any CPU
		{9BBCA39F-9842-4A8D-90FC-ED7E644B51E7}.Debug|iPhone.ActiveCfg = Debug|Any CPU
		{9BBCA39F-9842-4A8D-90FC-ED7E644B51E7}.Debug|iPhone.Build.0 = Debug|Any CPU
		{9BBCA39F-9842-4A8D-90FC-ED7E644B51E7}.Release|iPhone.ActiveCfg = Release|Any CPU
		{9BBCA39F-9842-4A8D-90FC-ED7E644B51E7}.Release|iPhone.Build.0 = Release|Any CPU
	EndGlobalSection
EndGlobal
